// !$*UTF8*$!
{
	archiveVersion = 1;
	classes = {
	};
	objectVersion = 46;
	objects = {

/* Begin PBXBuildFile section */
		19267E901A4A09CF00D3ADD4 /* AppDelegate.swift in Sources */ = {isa = PBXBuildFile; fileRef = 19267E8F1A4A09CF00D3ADD4 /* AppDelegate.swift */; };
		19267E921A4A09CF00D3ADD4 /* ViewController.swift in Sources */ = {isa = PBXBuildFile; fileRef = 19267E911A4A09CF00D3ADD4 /* ViewController.swift */; };
		19267E951A4A09CF00D3ADD4 /* Main.storyboard in Resources */ = {isa = PBXBuildFile; fileRef = 19267E931A4A09CF00D3ADD4 /* Main.storyboard */; };
		19267E971A4A09CF00D3ADD4 /* Images.xcassets in Resources */ = {isa = PBXBuildFile; fileRef = 19267E961A4A09CF00D3ADD4 /* Images.xcassets */; };
		19267E9A1A4A09CF00D3ADD4 /* LaunchScreen.xib in Resources */ = {isa = PBXBuildFile; fileRef = 19267E981A4A09CF00D3ADD4 /* LaunchScreen.xib */; };
		19267EA61A4A09CF00D3ADD4 /* FunFactsTests.swift in Sources */ = {isa = PBXBuildFile; fileRef = 19267EA51A4A09CF00D3ADD4 /* FunFactsTests.swift */; };
/* End PBXBuildFile section */

/* Begin PBXContainerItemProxy section */
		19267EA01A4A09CF00D3ADD4 /* PBXContainerItemProxy */ = {
			isa = PBXContainerItemProxy;
			containerPortal = 19267E821A4A09CF00D3ADD4 /* Project object */;
			proxyType = 1;
			remoteGlobalIDString = 19267E891A4A09CF00D3ADD4;
			remoteInfo = FunFacts;
		};
/* End PBXContainerItemProxy section */

/* Begin PBXFileReference section */
		19267E8A1A4A09CF00D3ADD4 /* FunFacts.app */ = {isa = PBXFileReference; explicitFileType = wrapper.application; includeInIndex = 0; path = FunFacts.app; sourceTree = BUILT_PRODUCTS_DIR; };
		19267E8E1A4A09CF00D3ADD4 /* Info.plist */ = {isa = PBXFileReference; lastKnownFileType = text.plist.xml; path = Info.plist; sourceTree = "<group>"; };
		19267E8F1A4A09CF00D3ADD4 /* AppDelegate.swift */ = {isa = PBXFileReference; lastKnownFileType = sourcecode.swift; path = AppDelegate.swift; sourceTree = "<group>"; };
		19267E911A4A09CF00D3ADD4 /* ViewController.swift */ = {isa = PBXFileReference; lastKnownFileType = sourcecode.swift; path = ViewController.swift; sourceTree = "<group>"; };
		19267E941A4A09CF00D3ADD4 /* Base */ = {isa = PBXFileReference; lastKnownFileType = file.storyboard; name = Base; path = Base.lproj/Main.storyboard; sourceTree = "<group>"; };
		19267E961A4A09CF00D3ADD4 /* Images.xcassets */ = {isa = PBXFileReference; lastKnownFileType = folder.assetcatalog; path = Images.xcassets; sourceTree = "<group>"; };
		19267E991A4A09CF00D3ADD4 /* Base */ = {isa = PBXFileReference; lastKnownFileType = file.xib; name = Base; path = Base.lproj/LaunchScreen.xib; sourceTree = "<group>"; };
		19267E9F1A4A09CF00D3ADD4 /* FunFactsTests.xctest */ = {isa = PBXFileReference; explicitFileType = wrapper.cfbundle; includeInIndex = 0; path = FunFactsTests.xctest; sourceTree = BUILT_PRODUCTS_DIR; };
		19267EA41A4A09CF00D3ADD4 /* Info.plist */ = {isa = PBXFileReference; lastKnownFileType = text.plist.xml; path = Info.plist; sourceTree = "<group>"; };
		19267EA51A4A09CF00D3ADD4 /* FunFactsTests.swift */ = {isa = PBXFileReference; lastKnownFileType = sourcecode.swift; path = FunFactsTests.swift; sourceTree = "<group>"; };
		19267EB01A4A0B8200D3ADD4 /* MyPlayground.playground */ = {isa = PBXFileReference; lastKnownFileType = file.playground; path = MyPlayground.playground; sourceTree = "<group>"; };
/* End PBXFileReference section */

/* Begin PBXFrameworksBuildPhase section */
		19267E871A4A09CF00D3ADD4 /* Frameworks */ = {
			isa = PBXFrameworksBuildPhase;
			buildActionMask = 2147483647;
			files = (
			);
			runOnlyForDeploymentPostprocessing = 0;
		};
		19267E9C1A4A09CF00D3ADD4 /* Frameworks */ = {
			isa = PBXFrameworksBuildPhase;
			buildActionMask = 2147483647;
			files = (
			);
			runOnlyForDeploymentPostprocessing = 0;
		};
/* End PBXFrameworksBuildPhase section */

/* Begin PBXGroup section */
		19267E811A4A09CF00D3ADD4 = {
			isa = PBXGroup;
			children = (
				19267E8C1A4A09CF00D3ADD4 /* FunFacts */,
				19267EAF1A4A0B6900D3ADD4 /* Playgrounds */,
				19267EA21A4A09CF00D3ADD4 /* FunFactsTests */,
				19267E8B1A4A09CF00D3ADD4 /* Products */,
			);
			sourceTree = "<group>";
		};
		19267E8B1A4A09CF00D3ADD4 /* Products */ = {
			isa = PBXGroup;
			children = (
				19267E8A1A4A09CF00D3ADD4 /* FunFacts.app */,
				19267E9F1A4A09CF00D3ADD4 /* FunFactsTests.xctest */,
			);
			name = Products;
			sourceTree = "<group>";
		};
		19267E8C1A4A09CF00D3ADD4 /* FunFacts */ = {
			isa = PBXGroup;
			children = (
				19267E8F1A4A09CF00D3ADD4 /* AppDelegate.swift */,
				19267E911A4A09CF00D3ADD4 /* ViewController.swift */,
				19267E931A4A09CF00D3ADD4 /* Main.storyboard */,
				19267E961A4A09CF00D3ADD4 /* Images.xcassets */,
				19267E981A4A09CF00D3ADD4 /* LaunchScreen.xib */,
				19267E8D1A4A09CF00D3ADD4 /* Supporting Files */,
			);
			path = FunFacts;
			sourceTree = "<group>";
		};
		19267E8D1A4A09CF00D3ADD4 /* Supporting Files */ = {
			isa = PBXGroup;
			children = (
				19267E8E1A4A09CF00D3ADD4 /* Info.plist */,
			);
			name = "Supporting Files";
			sourceTree = "<group>";
		};
		19267EA21A4A09CF00D3ADD4 /* FunFactsTests */ = {
			isa = PBXGroup;
			children = (
				19267EA51A4A09CF00D3ADD4 /* FunFactsTests.swift */,
				19267EA31A4A09CF00D3ADD4 /* Supporting Files */,
			);
			path = FunFactsTests;
			sourceTree = "<group>";
		};
		19267EA31A4A09CF00D3ADD4 /* Supporting Files */ = {
			isa = PBXGroup;
			children = (
				19267EA41A4A09CF00D3ADD4 /* Info.plist */,
			);
			name = "Supporting Files";
			sourceTree = "<group>";
		};
		19267EAF1A4A0B6900D3ADD4 /* Playgrounds */ = {
			isa = PBXGroup;
			children = (
				19267EB01A4A0B8200D3ADD4 /* MyPlayground.playground */,
			);
			name = Playgrounds;
			sourceTree = "<group>";
		};
/* End PBXGroup section */

/* Begin PBXNativeTarget section */
		19267E891A4A09CF00D3ADD4 /* FunFacts */ = {
			isa = PBXNativeTarget;
			buildConfigurationList = 19267EA91A4A09CF00D3ADD4 /* Build configuration list for PBXNativeTarget "FunFacts" */;
			buildPhases = (
				19267E861A4A09CF00D3ADD4 /* Sources */,
				19267E871A4A09CF00D3ADD4 /* Frameworks */,
				19267E881A4A09CF00D3ADD4 /* Resources */,
			);
			buildRules = (
			);
			dependencies = (
			);
			name = FunFacts;
			productName = FunFacts;
			productReference = 19267E8A1A4A09CF00D3ADD4 /* FunFacts.app */;
			productType = "com.apple.product-type.application";
		};
		19267E9E1A4A09CF00D3ADD4 /* FunFactsTests */ = {
			isa = PBXNativeTarget;
			buildConfigurationList = 19267EAC1A4A09CF00D3ADD4 /* Build configuration list for PBXNativeTarget "FunFactsTests" */;
			buildPhases = (
				19267E9B1A4A09CF00D3ADD4 /* Sources */,
				19267E9C1A4A09CF00D3ADD4 /* Frameworks */,
				19267E9D1A4A09CF00D3ADD4 /* Resources */,
			);
			buildRules = (
			);
			dependencies = (
				19267EA11A4A09CF00D3ADD4 /* PBXTargetDependency */,
			);
			name = FunFactsTests;
			productName = FunFactsTests;
			productReference = 19267E9F1A4A09CF00D3ADD4 /* FunFactsTests.xctest */;
			productType = "com.apple.product-type.bundle.unit-test";
		};
/* End PBXNativeTarget section */

/* Begin PBXProject section */
		19267E821A4A09CF00D3ADD4 /* Project object */ = {
			isa = PBXProject;
			attributes = {
				LastUpgradeCheck = 0610;
				ORGANIZATIONNAME = "Sebastian King";
				TargetAttributes = {
					19267E891A4A09CF00D3ADD4 = {
						CreatedOnToolsVersion = 6.1.1;
					};
					19267E9E1A4A09CF00D3ADD4 = {
						CreatedOnToolsVersion = 6.1.1;
						TestTargetID = 19267E891A4A09CF00D3ADD4;
					};
				};
			};
			buildConfigurationList = 19267E851A4A09CF00D3ADD4 /* Build configuration list for PBXProject "FunFacts" */;
			compatibilityVersion = "Xcode 3.2";
			developmentRegion = English;
			hasScannedForEncodings = 0;
			knownRegions = (
				en,
				Base,
			);
			mainGroup = 19267E811A4A09CF00D3ADD4;
			productRefGroup = 19267E8B1A4A09CF00D3ADD4 /* Products */;
			projectDirPath = "";
			projectRoot = "";
			targets = (
				19267E891A4A09CF00D3ADD4 /* FunFacts */,
				19267E9E1A4A09CF00D3ADD4 /* FunFactsTests */,
			);
		};
/* End PBXProject section */

/* Begin PBXResourcesBuildPhase section */
		19267E881A4A09CF00D3ADD4 /* Resources */ = {
			isa = PBXResourcesBuildPhase;
			buildActionMask = 2147483647;
			files = (
				19267E951A4A09CF00D3ADD4 /* Main.storyboard in Resources */,
				19267E9A1A4A09CF00D3ADD4 /* LaunchScreen.xib in Resources */,
				19267E971A4A09CF00D3ADD4 /* Images.xcassets in Resources */,
			);
			runOnlyForDeploymentPostprocessing = 0;
		};
		19267E9D1A4A09CF00D3ADD4 /* Resources */ = {
			isa = PBXResourcesBuildPhase;
			buildActionMask = 2147483647;
			files = (
			);
			runOnlyForDeploymentPostprocessing = 0;
		};
/* End PBXResourcesBuildPhase section */

/* Begin PBXSourcesBuildPhase section */
		19267E861A4A09CF00D3ADD4 /* Sources */ = {
			isa = PBXSourcesBuildPhase;
			buildActionMask = 2147483647;
			files = (
				19267E921A4A09CF00D3ADD4 /* ViewController.swift in Sources */,
				19267E901A4A09CF00D3ADD4 /* AppDelegate.swift in Sources */,
			);
			runOnlyForDeploymentPostprocessing = 0;
		};
		19267E9B1A4A09CF00D3ADD4 /* Sources */ = {
			isa = PBXSourcesBuildPhase;
			buildActionMask = 2147483647;
			files = (
				19267EA61A4A09CF00D3ADD4 /* FunFactsTests.swift in Sources */,
			);
			runOnlyForDeploymentPostprocessing = 0;
		};
/* End PBXSourcesBuildPhase section */

/* Begin PBXTargetDependency section */
		19267EA11A4A09CF00D3ADD4 /* PBXTargetDependency */ = {
			isa = PBXTargetDependency;
			target = 19267E891A4A09CF00D3ADD4 /* FunFacts */;
			targetProxy = 19267EA01A4A09CF00D3ADD4 /* PBXContainerItemProxy */;
		};
/* End PBXTargetDependency section */

/* Begin PBXVariantGroup section */
		19267E931A4A09CF00D3ADD4 /* Main.storyboard */ = {
			isa = PBXVariantGroup;
			children = (
				19267E941A4A09CF00D3ADD4 /* Base */,
			);
			name = Main.storyboard;
			sourceTree = "<group>";
		};
		19267E981A4A09CF00D3ADD4 /* LaunchScreen.xib */ = {
			isa = PBXVariantGroup;
			children = (
				19267E991A4A09CF00D3ADD4 /* Base */,
			);
			name = LaunchScreen.xib;
			sourceTree = "<group>";
		};
/* End PBXVariantGroup section */

/* Begin XCBuildConfiguration section */
		19267EA71A4A09CF00D3ADD4 /* Debug */ = {
			isa = XCBuildConfiguration;
			buildSettings = {
				ALWAYS_SEARCH_USER_PATHS = NO;
				CLANG_CXX_LANGUAGE_STANDARD = "gnu++0x";
				CLANG_CXX_LIBRARY = "libc++";
				CLANG_ENABLE_MODULES = YES;
				CLANG_ENABLE_OBJC_ARC = YES;
				CLANG_WARN_BOOL_CONVERSION = YES;
				CLANG_WARN_CONSTANT_CONVERSION = YES;
				CLANG_WARN_DIRECT_OBJC_ISA_USAGE = YES_ERROR;
				CLANG_WARN_EMPTY_BODY = YES;
				CLANG_WARN_ENUM_CONVERSION = YES;
				CLANG_WARN_INT_CONVERSION = YES;
				CLANG_WARN_OBJC_ROOT_CLASS = YES_ERROR;
				CLANG_WARN_UNREACHABLE_CODE = YES;
				CLANG_WARN__DUPLICATE_METHOD_MATCH = YES;
				"CODE_SIGN_IDENTITY[sdk=iphoneos*]" = "iPhone Developer";
				COPY_PHASE_STRIP = NO;
				ENABLE_STRICT_OBJC_MSGSEND = YES;
				GCC_C_LANGUAGE_STANDARD = gnu99;
				GCC_DYNAMIC_NO_PIC = NO;
				GCC_OPTIMIZATION_LEVEL = 0;
				GCC_PREPROCESSOR_DEFINITIONS = (
					"DEBUG=1",
					"$(inherited)",
				);
				GCC_SYMBOLS_PRIVATE_EXTERN = NO;
				GCC_WARN_64_TO_32_BIT_CONVERSION = YES;
				GCC_WARN_ABOUT_RETURN_TYPE = YES_ERROR;
				GCC_WARN_UNDECLARED_SELECTOR = YES;
				GCC_WARN_UNINITIALIZED_AUTOS = YES_AGGRESSIVE;
				GCC_WARN_UNUSED_FUNCTION = YES;
				GCC_WARN_UNUSED_VARIABLE = YES;
				IPHONEOS_DEPLOYMENT_TARGET = 8.1;
				MTL_ENABLE_DEBUG_INFO = YES;
				ONLY_ACTIVE_ARCH = YES;
				SDKROOT = iphoneos;
				SWIFT_OPTIMIZATION_LEVEL = "-Onone";
				TARGETED_DEVICE_FAMILY = "1,2";
			};
			name = Debug;
		};
		19267EA81A4A09CF00D3ADD4 /* Release */ = {
			isa = XCBuildConfiguration;
			buildSettings = {
				ALWAYS_SEARCH_USER_PATHS = NO;
				CLANG_CXX_LANGUAGE_STANDARD = "gnu++0x";
				CLANG_CXX_LIBRARY = "libc++";
				CLANG_ENABLE_MODULES = YES;
				CLANG_ENABLE_OBJC_ARC = YES;
				CLANG_WARN_BOOL_CONVERSION = YES;
				CLANG_WARN_CONSTANT_CONVERSION = YES;
				CLANG_WARN_DIRECT_OBJC_ISA_USAGE = YES_ERROR;
				CLANG_WARN_EMPTY_BODY = YES;
				CLANG_WARN_ENUM_CONVERSION = YES;
				CLANG_WARN_INT_CONVERSION = YES;
				CLANG_WARN_OBJC_ROOT_CLASS = YES_ERROR;
				CLANG_WARN_UNREACHABLE_CODE = YES;
				CLANG_WARN__DUPLICATE_METHOD_MATCH = YES;
				"CODE_SIGN_IDENTITY[sdk=iphoneos*]" = "iPhone Developer";
				COPY_PHASE_STRIP = YES;
				ENABLE_NS_ASSERTIONS = NO;
				ENABLE_STRICT_OBJC_MSGSEND = YES;
				GCC_C_LANGUAGE_STANDARD = gnu99;
				GCC_WARN_64_TO_32_BIT_CONVERSION = YES;
				GCC_WARN_ABOUT_RETURN_TYPE = YES_ERROR;
				GCC_WARN_UNDECLARED_SELECTOR = YES;
				GCC_WARN_UNINITIALIZED_AUTOS = YES_AGGRESSIVE;
				GCC_WARN_UNUSED_FUNCTION = YES;
				GCC_WARN_UNUSED_VARIABLE = YES;
				IPHONEOS_DEPLOYMENT_TARGET = 8.1;
				MTL_ENABLE_DEBUG_INFO = NO;
				SDKROOT = iphoneos;
				TARGETED_DEVICE_FAMILY = "1,2";
				VALIDATE_PRODUCT = YES;
			};
			name = Release;
		};
		19267EAA1A4A09CF00D3ADD4 /* Debug */ = {
			isa = XCBuildConfiguration;
			buildSettings = {
				ASSETCATALOG_COMPILER_APPICON_NAME = AppIcon;
				INFOPLIST_FILE = FunFacts/Info.plist;
				LD_RUNPATH_SEARCH_PATHS = "$(inherited) @executable_path/Frameworks";
				PRODUCT_NAME = "$(TARGET_NAME)";
			};
			name = Debug;
		};
		19267EAB1A4A09CF00D3ADD4 /* Release */ = {
			isa = XCBuildConfiguration;
			buildSettings = {
				ASSETCATALOG_COMPILER_APPICON_NAME = AppIcon;
				INFOPLIST_FILE = FunFacts/Info.plist;
				LD_RUNPATH_SEARCH_PATHS = "$(inherited) @executable_path/Frameworks";
				PRODUCT_NAME = "$(TARGET_NAME)";
			};
			name = Release;
		};
		19267EAD1A4A09CF00D3ADD4 /* Debug */ = {
			isa = XCBuildConfiguration;
			buildSettings = {
				BUNDLE_LOADER = "$(TEST_HOST)";
				FRAMEWORK_SEARCH_PATHS = (
					"$(SDKROOT)/Developer/Library/Frameworks",
					"$(inherited)",
				);
				GCC_PREPROCESSOR_DEFINITIONS = (
					"DEBUG=1",
					"$(inherited)",
				);
				INFOPLIST_FILE = FunFactsTests/Info.plist;
				LD_RUNPATH_SEARCH_PATHS = "$(inherited) @executable_path/Frameworks @loader_path/Frameworks";
				PRODUCT_NAME = "$(TARGET_NAME)";
				TEST_HOST = "$(BUILT_PRODUCTS_DIR)/FunFacts.app/FunFacts";
			};
			name = Debug;
		};
		19267EAE1A4A09CF00D3ADD4 /* Release */ = {
			isa = XCBuildConfiguration;
			buildSettings = {
				BUNDLE_LOADER = "$(TEST_HOST)";
				FRAMEWORK_SEARCH_PATHS = (
					"$(SDKROOT)/Developer/Library/Frameworks",
					"$(inherited)",
				);
				INFOPLIST_FILE = FunFactsTests/Info.plist;
				LD_RUNPATH_SEARCH_PATHS = "$(inherited) @executable_path/Frameworks @loader_path/Frameworks";
				PRODUCT_NAME = "$(TARGET_NAME)";
				TEST_HOST = "$(BUILT_PRODUCTS_DIR)/FunFacts.app/FunFacts";
			};
			name = Release;
		};
/* End XCBuildConfiguration section */

/* Begin XCConfigurationList section */
		19267E851A4A09CF00D3ADD4 /* Build configuration list for PBXProject "FunFacts" */ = {
			isa = XCConfigurationList;
			buildConfigurations = (
				19267EA71A4A09CF00D3ADD4 /* Debug */,
				19267EA81A4A09CF00D3ADD4 /* Release */,
			);
			defaultConfigurationIsVisible = 0;
			defaultConfigurationName = Release;
		};
		19267EA91A4A09CF00D3ADD4 /* Build configuration list for PBXNativeTarget "FunFacts" */ = {
			isa = XCConfigurationList;
			buildConfigurations = (
				19267EAA1A4A09CF00D3ADD4 /* Debug */,
				19267EAB1A4A09CF00D3ADD4 /* Release */,
			);
			defaultConfigurationIsVisible = 0;
		};
		19267EAC1A4A09CF00D3ADD4 /* Build configuration list for PBXNativeTarget "FunFactsTests" */ = {
			isa = XCConfigurationList;
			buildConfigurations = (
				19267EAD1A4A09CF00D3ADD4 /* Debug */,
				19267EAE1A4A09CF00D3ADD4 /* Release */,
			);
			defaultConfigurationIsVisible = 0;
		};
/* End XCConfigurationList section */
	};
	rootObject = 19267E821A4A09CF00D3ADD4 /* Project object */;
}
